
Microsoft Visual Studio Solution File, Format Version 12.00
# Visual Studio Version 17
VisualStudioVersion = 17.6.33815.320
MinimumVisualStudioVersion = 10.0.40219.1
Project("{FAE04EC0-301F-11D3-BF4B-00C04F79EFBC}") = "ExecutiveDocumentation", "ExecutiveDocumentation\ExecutiveDocumentation.csproj", "{54E6E172-213A-4229-8496-DCF2859636BD}"
EndProject
Global
	GlobalSection(SolutionConfigurationPlatforms) = preSolution
		Debug|Any CPU = Debug|Any CPU
		Release|Any CPU = Release|Any CPU
	EndGlobalSection
	GlobalSection(ProjectConfigurationPlatforms) = postSolution
		{54E6E172-213A-4229-8496-DCF2859636BD}.Debug|Any CPU.ActiveCfg = Debug|Any CPU
		{54E6E172-213A-4229-8496-DCF2859636BD}.Debug|Any CPU.Build.0 = Debug|Any CPU
		{54E6E172-213A-4229-8496-DCF2859636BD}.Release|Any CPU.ActiveCfg = Release|Any CPU
		{54E6E172-213A-4229-8496-DCF2859636BD}.Release|Any CPU.Build.0 = Release|Any CPU
	EndGlobalSection
	GlobalSection(SolutionProperties) = preSolution
		HideSolutionNode = FALSE
	EndGlobalSection
	GlobalSection(ExtensibilityGlobals) = postSolution
		SolutionGuid = {F4F0DDFD-9628-47DA-90DE-E824119B2E2D}
	EndGlobalSection
EndGlobal
